
Microsoft Visual Studio Solution File, Format Version 12.00
Project("{FAE04EC0-301F-11D3-BF4B-00C04F79EFBC}") = "src\pokeAPI", "src\pokeAPI\pokeAPI.csproj", "{12735398-E11B-4C3B-A5EE-A6ED935E5FAC}"
EndProject
Project("{2150E333-8FDC-42A3-9474-1A3956D46DE8}") = "src", "src", "{5257B0E6-2B9F-4A22-8766-3D77CDE36DD9}"
EndProject
Global
	GlobalSection(SolutionConfigurationPlatforms) = preSolution
		Debug|Any CPU = Debug|Any CPU
		Release|Any CPU = Release|Any CPU
	EndGlobalSection
	GlobalSection(ProjectConfigurationPlatforms) = postSolution
		{12735398-E11B-4C3B-A5EE-A6ED935E5FAC}.Debug|Any CPU.ActiveCfg = Debug|Any CPU
		{12735398-E11B-4C3B-A5EE-A6ED935E5FAC}.Debug|Any CPU.Build.0 = Debug|Any CPU
		{12735398-E11B-4C3B-A5EE-A6ED935E5FAC}.Release|Any CPU.ActiveCfg = Release|Any CPU
		{12735398-E11B-4C3B-A5EE-A6ED935E5FAC}.Release|Any CPU.Build.0 = Release|Any CPU
	EndGlobalSection
	GlobalSection(NestedProjects) = preSolution
		{12735398-E11B-4C3B-A5EE-A6ED935E5FAC} = {5257B0E6-2B9F-4A22-8766-3D77CDE36DD9}
	EndGlobalSection
EndGlobal
